
Microsoft Visual Studio Solution File, Format Version 12.00
# Visual Studio 14
VisualStudioVersion = 14.0.25420.1
MinimumVisualStudioVersion = 10.0.40219.1
Project("{8BC9CEB8-8B4A-11D0-8D11-00A0C91BC942}") = "QUniversalFrameLib", "QUniversalFrameLib\QUniversalFrameLib.vcxproj", "{DC2AC134-6A8D-4F4F-A983-0F37954EF87B}"
EndProject
Project("{8BC9CEB8-8B4A-11D0-8D11-00A0C91BC942}") = "QMotionControlLib", "QMotionControlLib\QMotionControlLib.vcxproj", "{AE8CEC37-D111-40FA-B085-298C80AC4B39}"
	ProjectSection(ProjectDependencies) = postProject
		{DC2AC134-6A8D-4F4F-A983-0F37954EF87B} = {DC2AC134-6A8D-4F4F-A983-0F37954EF87B}
	EndProjectSection
EndProject
Project("{8BC9CEB8-8B4A-11D0-8D11-00A0C91BC942}") = "QSerialPortLib", "QSerialPortLib\QSerialPortLib.vcxproj", "{DB283387-6DA1-484A-B4A3-A65E5EAD8D1D}"
	ProjectSection(ProjectDependencies) = postProject
		{DC2AC134-6A8D-4F4F-A983-0F37954EF87B} = {DC2AC134-6A8D-4F4F-A983-0F37954EF87B}
	EndProjectSection
EndProject
Project("{8BC9CEB8-8B4A-11D0-8D11-00A0C91BC942}") = "QMyClient", "QMyClient\QMyClient.vcxproj", "{E2197762-6367-48E2-8874-CC616F406A24}"
EndProject
Project("{8BC9CEB8-8B4A-11D0-8D11-00A0C91BC942}") = "QCustomModelViewLib", "QCustomModelViewLib\QCustomModelViewLib.vcxproj", "{B12702AD-ABFB-343A-A199-8E24837244A3}"
EndProject
Global
	GlobalSection(SolutionConfigurationPlatforms) = preSolution
		Debug|x64 = Debug|x64
		Release|x64 = Release|x64
	EndGlobalSection
	GlobalSection(ProjectConfigurationPlatforms) = postSolution
		{DC2AC134-6A8D-4F4F-A983-0F37954EF87B}.Debug|x64.ActiveCfg = Debug|x64
		{DC2AC134-6A8D-4F4F-A983-0F37954EF87B}.Debug|x64.Build.0 = Debug|x64
		{DC2AC134-6A8D-4F4F-A983-0F37954EF87B}.Release|x64.ActiveCfg = Release|x64
		{DC2AC134-6A8D-4F4F-A983-0F37954EF87B}.Release|x64.Build.0 = Release|x64
		{AE8CEC37-D111-40FA-B085-298C80AC4B39}.Debug|x64.ActiveCfg = Debug|x64
		{AE8CEC37-D111-40FA-B085-298C80AC4B39}.Debug|x64.Build.0 = Debug|x64
		{AE8CEC37-D111-40FA-B085-298C80AC4B39}.Release|x64.ActiveCfg = Release|x64
		{AE8CEC37-D111-40FA-B085-298C80AC4B39}.Release|x64.Build.0 = Release|x64
		{DB283387-6DA1-484A-B4A3-A65E5EAD8D1D}.Debug|x64.ActiveCfg = Debug|x64
		{DB283387-6DA1-484A-B4A3-A65E5EAD8D1D}.Debug|x64.Build.0 = Debug|x64
		{DB283387-6DA1-484A-B4A3-A65E5EAD8D1D}.Release|x64.ActiveCfg = Release|x64
		{DB283387-6DA1-484A-B4A3-A65E5EAD8D1D}.Release|x64.Build.0 = Release|x64
		{E2197762-6367-48E2-8874-CC616F406A24}.Debug|x64.ActiveCfg = Debug|x64
		{E2197762-6367-48E2-8874-CC616F406A24}.Debug|x64.Build.0 = Debug|x64
		{E2197762-6367-48E2-8874-CC616F406A24}.Release|x64.ActiveCfg = Release|x64
		{E2197762-6367-48E2-8874-CC616F406A24}.Release|x64.Build.0 = Release|x64
		{B12702AD-ABFB-343A-A199-8E24837244A3}.Debug|x64.ActiveCfg = Debug|x64
		{B12702AD-ABFB-343A-A199-8E24837244A3}.Debug|x64.Build.0 = Debug|x64
		{B12702AD-ABFB-343A-A199-8E24837244A3}.Release|x64.ActiveCfg = Release|x64
		{B12702AD-ABFB-343A-A199-8E24837244A3}.Release|x64.Build.0 = Release|x64
	EndGlobalSection
	GlobalSection(SolutionProperties) = preSolution
		HideSolutionNode = FALSE
	EndGlobalSection
	GlobalSection(ExtensibilityGlobals) = postSolution
		Qt5Version = msvc2015_513
	EndGlobalSection
EndGlobal
